
Microsoft Visual Studio Solution File, Format Version 12.00
# Visual Studio Version 16
VisualStudioVersion = 16.0.30114.105
MinimumVisualStudioVersion = 10.0.40219.1
Project("{FAE04EC0-301F-11D3-BF4B-00C04F79EFBC}") = "AP10", "AP10\AP10.csproj", "{B0ADAFAD-615B-4411-BFCB-7630CAFB3785}"
EndProject
Project("{FAE04EC0-301F-11D3-BF4B-00C04F79EFBC}") = "Employee", "Employee\Employee.csproj", "{88F93714-4295-4825-8893-53644A377064}"
EndProject
Global
	GlobalSection(SolutionConfigurationPlatforms) = preSolution
		Debug|Any CPU = Debug|Any CPU
		Release|Any CPU = Release|Any CPU
	EndGlobalSection
	GlobalSection(ProjectConfigurationPlatforms) = postSolution
		{B0ADAFAD-615B-4411-BFCB-7630CAFB3785}.Debug|Any CPU.ActiveCfg = Debug|Any CPU
		{B0ADAFAD-615B-4411-BFCB-7630CAFB3785}.Debug|Any CPU.Build.0 = Debug|Any CPU
		{B0ADAFAD-615B-4411-BFCB-7630CAFB3785}.Release|Any CPU.ActiveCfg = Release|Any CPU
		{B0ADAFAD-615B-4411-BFCB-7630CAFB3785}.Release|Any CPU.Build.0 = Release|Any CPU
		{88F93714-4295-4825-8893-53644A377064}.Debug|Any CPU.ActiveCfg = Debug|Any CPU
		{88F93714-4295-4825-8893-53644A377064}.Debug|Any CPU.Build.0 = Debug|Any CPU
		{88F93714-4295-4825-8893-53644A377064}.Release|Any CPU.ActiveCfg = Release|Any CPU
		{88F93714-4295-4825-8893-53644A377064}.Release|Any CPU.Build.0 = Release|Any CPU
	EndGlobalSection
	GlobalSection(SolutionProperties) = preSolution
		HideSolutionNode = FALSE
	EndGlobalSection
	GlobalSection(ExtensibilityGlobals) = postSolution
		SolutionGuid = {26DC4BCD-50AA-4F99-8974-6D2CEE18ED31}
	EndGlobalSection
EndGlobal
